// !$*UTF8*$!
{
	archiveVersion = 1;
	classes = {
	};
	objectVersion = 56;
	objects = {

/* Begin PBXBuildFile section */
		9B2B4B992A2E246800E8C1A3 /* AppDelegate.swift in Sources */ = {isa = PBXBuildFile; fileRef = 9B2B4B982A2E246800E8C1A3 /* AppDelegate.swift */; };
		9B2B4B9B2A2E246800E8C1A3 /* SceneDelegate.swift in Sources */ = {isa = PBXBuildFile; fileRef = 9B2B4B9A2A2E246800E8C1A3 /* SceneDelegate.swift */; };
		9B2B4B9D2A2E246800E8C1A3 /* ViewController.swift in Sources */ = {isa = PBXBuildFile; fileRef = 9B2B4B9C2A2E246800E8C1A3 /* ViewController.swift */; };
		9B2B4BA02A2E246800E8C1A3 /* Main.storyboard in Resources */ = {isa = PBXBuildFile; fileRef = 9B2B4B9E2A2E246800E8C1A3 /* Main.storyboard */; };
		9B2B4BA22A2E246B00E8C1A3 /* Assets.xcassets in Resources */ = {isa = PBXBuildFile; fileRef = 9B2B4BA12A2E246B00E8C1A3 /* Assets.xcassets */; };
		9B2B4BA52A2E246B00E8C1A3 /* LaunchScreen.storyboard in Resources */ = {isa = PBXBuildFile; fileRef = 9B2B4BA32A2E246B00E8C1A3 /* LaunchScreen.storyboard */; };
		9B2B4BB02A2E246B00E8C1A3 /* DemoAPIIOSTests.swift in Sources */ = {isa = PBXBuildFile; fileRef = 9B2B4BAF2A2E246B00E8C1A3 /* DemoAPIIOSTests.swift */; };
		9B2B4BBA2A2E246B00E8C1A3 /* DemoAPIIOSUITests.swift in Sources */ = {isa = PBXBuildFile; fileRef = 9B2B4BB92A2E246B00E8C1A3 /* DemoAPIIOSUITests.swift */; };
		9B2B4BBC2A2E246B00E8C1A3 /* DemoAPIIOSUITestsLaunchTests.swift in Sources */ = {isa = PBXBuildFile; fileRef = 9B2B4BBB2A2E246B00E8C1A3 /* DemoAPIIOSUITestsLaunchTests.swift */; };
		9B2B4BCA2A2E2AA500E8C1A3 /* Alamofire in Frameworks */ = {isa = PBXBuildFile; productRef = 9B2B4BC92A2E2AA500E8C1A3 /* Alamofire */; };
		9B2B4BCC2A2E363B00E8C1A3 /* ConversationModel.swift in Sources */ = {isa = PBXBuildFile; fileRef = 9B2B4BCB2A2E363B00E8C1A3 /* ConversationModel.swift */; };
		9B2B4BCE2A2E4FCD00E8C1A3 /* ConversationResponseModel.swift in Sources */ = {isa = PBXBuildFile; fileRef = 9B2B4BCD2A2E4FCD00E8C1A3 /* ConversationResponseModel.swift */; };
/* End PBXBuildFile section */

/* Begin PBXContainerItemProxy section */
		9B2B4BAC2A2E246B00E8C1A3 /* PBXContainerItemProxy */ = {
			isa = PBXContainerItemProxy;
			containerPortal = 9B2B4B8D2A2E246800E8C1A3 /* Project object */;
			proxyType = 1;
			remoteGlobalIDString = 9B2B4B942A2E246800E8C1A3;
			remoteInfo = DemoAPIIOS;
		};
		9B2B4BB62A2E246B00E8C1A3 /* PBXContainerItemProxy */ = {
			isa = PBXContainerItemProxy;
			containerPortal = 9B2B4B8D2A2E246800E8C1A3 /* Project object */;
			proxyType = 1;
			remoteGlobalIDString = 9B2B4B942A2E246800E8C1A3;
			remoteInfo = DemoAPIIOS;
		};
/* End PBXContainerItemProxy section */

/* Begin PBXFileReference section */
		9B2B4B952A2E246800E8C1A3 /* DemoAPIIOS.app */ = {isa = PBXFileReference; explicitFileType = wrapper.application; includeInIndex = 0; path = DemoAPIIOS.app; sourceTree = BUILT_PRODUCTS_DIR; };
		9B2B4B982A2E246800E8C1A3 /* AppDelegate.swift */ = {isa = PBXFileReference; lastKnownFileType = sourcecode.swift; path = AppDelegate.swift; sourceTree = "<group>"; };
		9B2B4B9A2A2E246800E8C1A3 /* SceneDelegate.swift */ = {isa = PBXFileReference; lastKnownFileType = sourcecode.swift; path = SceneDelegate.swift; sourceTree = "<group>"; };
		9B2B4B9C2A2E246800E8C1A3 /* ViewController.swift */ = {isa = PBXFileReference; lastKnownFileType = sourcecode.swift; path = ViewController.swift; sourceTree = "<group>"; };
		9B2B4B9F2A2E246800E8C1A3 /* Base */ = {isa = PBXFileReference; lastKnownFileType = file.storyboard; name = Base; path = Base.lproj/Main.storyboard; sourceTree = "<group>"; };
		9B2B4BA12A2E246B00E8C1A3 /* Assets.xcassets */ = {isa = PBXFileReference; lastKnownFileType = folder.assetcatalog; path = Assets.xcassets; sourceTree = "<group>"; };
		9B2B4BA42A2E246B00E8C1A3 /* Base */ = {isa = PBXFileReference; lastKnownFileType = file.storyboard; name = Base; path = Base.lproj/LaunchScreen.storyboard; sourceTree = "<group>"; };
		9B2B4BA62A2E246B00E8C1A3 /* Info.plist */ = {isa = PBXFileReference; lastKnownFileType = text.plist.xml; path = Info.plist; sourceTree = "<group>"; };
		9B2B4BAB2A2E246B00E8C1A3 /* DemoAPIIOSTests.xctest */ = {isa = PBXFileReference; explicitFileType = wrapper.cfbundle; includeInIndex = 0; path = DemoAPIIOSTests.xctest; sourceTree = BUILT_PRODUCTS_DIR; };
		9B2B4BAF2A2E246B00E8C1A3 /* DemoAPIIOSTests.swift */ = {isa = PBXFileReference; lastKnownFileType = sourcecode.swift; path = DemoAPIIOSTests.swift; sourceTree = "<group>"; };
		9B2B4BB52A2E246B00E8C1A3 /* DemoAPIIOSUITests.xctest */ = {isa = PBXFileReference; explicitFileType = wrapper.cfbundle; includeInIndex = 0; path = DemoAPIIOSUITests.xctest; sourceTree = BUILT_PRODUCTS_DIR; };
		9B2B4BB92A2E246B00E8C1A3 /* DemoAPIIOSUITests.swift */ = {isa = PBXFileReference; lastKnownFileType = sourcecode.swift; path = DemoAPIIOSUITests.swift; sourceTree = "<group>"; };
		9B2B4BBB2A2E246B00E8C1A3 /* DemoAPIIOSUITestsLaunchTests.swift */ = {isa = PBXFileReference; lastKnownFileType = sourcecode.swift; path = DemoAPIIOSUITestsLaunchTests.swift; sourceTree = "<group>"; };
		9B2B4BCB2A2E363B00E8C1A3 /* ConversationModel.swift */ = {isa = PBXFileReference; lastKnownFileType = sourcecode.swift; path = ConversationModel.swift; sourceTree = "<group>"; };
		9B2B4BCD2A2E4FCD00E8C1A3 /* ConversationResponseModel.swift */ = {isa = PBXFileReference; lastKnownFileType = sourcecode.swift; path = ConversationResponseModel.swift; sourceTree = "<group>"; };
/* End PBXFileReference section */

/* Begin PBXFrameworksBuildPhase section */
		9B2B4B922A2E246800E8C1A3 /* Frameworks */ = {
			isa = PBXFrameworksBuildPhase;
			buildActionMask = 2147483647;
			files = (
				9B2B4BCA2A2E2AA500E8C1A3 /* Alamofire in Frameworks */,
			);
			runOnlyForDeploymentPostprocessing = 0;
		};
		9B2B4BA82A2E246B00E8C1A3 /* Frameworks */ = {
			isa = PBXFrameworksBuildPhase;
			buildActionMask = 2147483647;
			files = (
			);
			runOnlyForDeploymentPostprocessing = 0;
		};
		9B2B4BB22A2E246B00E8C1A3 /* Frameworks */ = {
			isa = PBXFrameworksBuildPhase;
			buildActionMask = 2147483647;
			files = (
			);
			runOnlyForDeploymentPostprocessing = 0;
		};
/* End PBXFrameworksBuildPhase section */

/* Begin PBXGroup section */
		9B2B4B8C2A2E246800E8C1A3 = {
			isa = PBXGroup;
			children = (
				9B2B4B972A2E246800E8C1A3 /* DemoAPIIOS */,
				9B2B4BAE2A2E246B00E8C1A3 /* DemoAPIIOSTests */,
				9B2B4BB82A2E246B00E8C1A3 /* DemoAPIIOSUITests */,
				9B2B4B962A2E246800E8C1A3 /* Products */,
			);
			sourceTree = "<group>";
		};
		9B2B4B962A2E246800E8C1A3 /* Products */ = {
			isa = PBXGroup;
			children = (
				9B2B4B952A2E246800E8C1A3 /* DemoAPIIOS.app */,
				9B2B4BAB2A2E246B00E8C1A3 /* DemoAPIIOSTests.xctest */,
				9B2B4BB52A2E246B00E8C1A3 /* DemoAPIIOSUITests.xctest */,
			);
			name = Products;
			sourceTree = "<group>";
		};
		9B2B4B972A2E246800E8C1A3 /* DemoAPIIOS */ = {
			isa = PBXGroup;
			children = (
				9B2B4B982A2E246800E8C1A3 /* AppDelegate.swift */,
				9B2B4B9A2A2E246800E8C1A3 /* SceneDelegate.swift */,
				9B2B4B9C2A2E246800E8C1A3 /* ViewController.swift */,
				9B2B4B9E2A2E246800E8C1A3 /* Main.storyboard */,
				9B2B4BA12A2E246B00E8C1A3 /* Assets.xcassets */,
				9B2B4BA32A2E246B00E8C1A3 /* LaunchScreen.storyboard */,
				9B2B4BA62A2E246B00E8C1A3 /* Info.plist */,
				9B2B4BCB2A2E363B00E8C1A3 /* ConversationModel.swift */,
				9B2B4BCD2A2E4FCD00E8C1A3 /* ConversationResponseModel.swift */,
			);
			path = DemoAPIIOS;
			sourceTree = "<group>";
		};
		9B2B4BAE2A2E246B00E8C1A3 /* DemoAPIIOSTests */ = {
			isa = PBXGroup;
			children = (
				9B2B4BAF2A2E246B00E8C1A3 /* DemoAPIIOSTests.swift */,
			);
			path = DemoAPIIOSTests;
			sourceTree = "<group>";
		};
		9B2B4BB82A2E246B00E8C1A3 /* DemoAPIIOSUITests */ = {
			isa = PBXGroup;
			children = (
				9B2B4BB92A2E246B00E8C1A3 /* DemoAPIIOSUITests.swift */,
				9B2B4BBB2A2E246B00E8C1A3 /* DemoAPIIOSUITestsLaunchTests.swift */,
			);
			path = DemoAPIIOSUITests;
			sourceTree = "<group>";
		};
/* End PBXGroup section */

/* Begin PBXNativeTarget section */
		9B2B4B942A2E246800E8C1A3 /* DemoAPIIOS */ = {
			isa = PBXNativeTarget;
			buildConfigurationList = 9B2B4BBF2A2E246B00E8C1A3 /* Build configuration list for PBXNativeTarget "DemoAPIIOS" */;
			buildPhases = (
				9B2B4B912A2E246800E8C1A3 /* Sources */,
				9B2B4B922A2E246800E8C1A3 /* Frameworks */,
				9B2B4B932A2E246800E8C1A3 /* Resources */,
			);
			buildRules = (
			);
			dependencies = (
			);
			name = DemoAPIIOS;
			packageProductDependencies = (
				9B2B4BC92A2E2AA500E8C1A3 /* Alamofire */,
			);
			productName = DemoAPIIOS;
			productReference = 9B2B4B952A2E246800E8C1A3 /* DemoAPIIOS.app */;
			productType = "com.apple.product-type.application";
		};
		9B2B4BAA2A2E246B00E8C1A3 /* DemoAPIIOSTests */ = {
			isa = PBXNativeTarget;
			buildConfigurationList = 9B2B4BC22A2E246B00E8C1A3 /* Build configuration list for PBXNativeTarget "DemoAPIIOSTests" */;
			buildPhases = (
				9B2B4BA72A2E246B00E8C1A3 /* Sources */,
				9B2B4BA82A2E246B00E8C1A3 /* Frameworks */,
				9B2B4BA92A2E246B00E8C1A3 /* Resources */,
			);
			buildRules = (
			);
			dependencies = (
				9B2B4BAD2A2E246B00E8C1A3 /* PBXTargetDependency */,
			);
			name = DemoAPIIOSTests;
			productName = DemoAPIIOSTests;
			productReference = 9B2B4BAB2A2E246B00E8C1A3 /* DemoAPIIOSTests.xctest */;
			productType = "com.apple.product-type.bundle.unit-test";
		};
		9B2B4BB42A2E246B00E8C1A3 /* DemoAPIIOSUITests */ = {
			isa = PBXNativeTarget;
			buildConfigurationList = 9B2B4BC52A2E246B00E8C1A3 /* Build configuration list for PBXNativeTarget "DemoAPIIOSUITests" */;
			buildPhases = (
				9B2B4BB12A2E246B00E8C1A3 /* Sources */,
				9B2B4BB22A2E246B00E8C1A3 /* Frameworks */,
				9B2B4BB32A2E246B00E8C1A3 /* Resources */,
			);
			buildRules = (
			);
			dependencies = (
				9B2B4BB72A2E246B00E8C1A3 /* PBXTargetDependency */,
			);
			name = DemoAPIIOSUITests;
			productName = DemoAPIIOSUITests;
			productReference = 9B2B4BB52A2E246B00E8C1A3 /* DemoAPIIOSUITests.xctest */;
			productType = "com.apple.product-type.bundle.ui-testing";
		};
/* End PBXNativeTarget section */

/* Begin PBXProject section */
		9B2B4B8D2A2E246800E8C1A3 /* Project object */ = {
			isa = PBXProject;
			attributes = {
				BuildIndependentTargetsInParallel = 1;
				LastSwiftUpdateCheck = 1430;
				LastUpgradeCheck = 1430;
				TargetAttributes = {
					9B2B4B942A2E246800E8C1A3 = {
						CreatedOnToolsVersion = 14.3.1;
					};
					9B2B4BAA2A2E246B00E8C1A3 = {
						CreatedOnToolsVersion = 14.3.1;
						TestTargetID = 9B2B4B942A2E246800E8C1A3;
					};
					9B2B4BB42A2E246B00E8C1A3 = {
						CreatedOnToolsVersion = 14.3.1;
						TestTargetID = 9B2B4B942A2E246800E8C1A3;
					};
				};
			};
			buildConfigurationList = 9B2B4B902A2E246800E8C1A3 /* Build configuration list for PBXProject "DemoAPIIOS" */;
			compatibilityVersion = "Xcode 14.0";
			developmentRegion = en;
			hasScannedForEncodings = 0;
			knownRegions = (
				en,
				Base,
			);
			mainGroup = 9B2B4B8C2A2E246800E8C1A3;
			packageReferences = (
				9B2B4BC82A2E2AA500E8C1A3 /* XCRemoteSwiftPackageReference "Alamofire" */,
			);
			productRefGroup = 9B2B4B962A2E246800E8C1A3 /* Products */;
			projectDirPath = "";
			projectRoot = "";
			targets = (
				9B2B4B942A2E246800E8C1A3 /* DemoAPIIOS */,
				9B2B4BAA2A2E246B00E8C1A3 /* DemoAPIIOSTests */,
				9B2B4BB42A2E246B00E8C1A3 /* DemoAPIIOSUITests */,
			);
		};
/* End PBXProject section */

/* Begin PBXResourcesBuildPhase section */
		9B2B4B932A2E246800E8C1A3 /* Resources */ = {
			isa = PBXResourcesBuildPhase;
			buildActionMask = 2147483647;
			files = (
				9B2B4BA52A2E246B00E8C1A3 /* LaunchScreen.storyboard in Resources */,
				9B2B4BA22A2E246B00E8C1A3 /* Assets.xcassets in Resources */,
				9B2B4BA02A2E246800E8C1A3 /* Main.storyboard in Resources */,
			);
			runOnlyForDeploymentPostprocessing = 0;
		};
		9B2B4BA92A2E246B00E8C1A3 /* Resources */ = {
			isa = PBXResourcesBuildPhase;
			buildActionMask = 2147483647;
			files = (
			);
			runOnlyForDeploymentPostprocessing = 0;
		};
		9B2B4BB32A2E246B00E8C1A3 /* Resources */ = {
			isa = PBXResourcesBuildPhase;
			buildActionMask = 2147483647;
			files = (
			);
			runOnlyForDeploymentPostprocessing = 0;
		};
/* End PBXResourcesBuildPhase section */

/* Begin PBXSourcesBuildPhase section */
		9B2B4B912A2E246800E8C1A3 /* Sources */ = {
			isa = PBXSourcesBuildPhase;
			buildActionMask = 2147483647;
			files = (
				9B2B4B9D2A2E246800E8C1A3 /* ViewController.swift in Sources */,
				9B2B4BCE2A2E4FCD00E8C1A3 /* ConversationResponseModel.swift in Sources */,
				9B2B4B992A2E246800E8C1A3 /* AppDelegate.swift in Sources */,
				9B2B4BCC2A2E363B00E8C1A3 /* ConversationModel.swift in Sources */,
				9B2B4B9B2A2E246800E8C1A3 /* SceneDelegate.swift in Sources */,
			);
			runOnlyForDeploymentPostprocessing = 0;
		};
		9B2B4BA72A2E246B00E8C1A3 /* Sources */ = {
			isa = PBXSourcesBuildPhase;
			buildActionMask = 2147483647;
			files = (
				9B2B4BB02A2E246B00E8C1A3 /* DemoAPIIOSTests.swift in Sources */,
			);
			runOnlyForDeploymentPostprocessing = 0;
		};
		9B2B4BB12A2E246B00E8C1A3 /* Sources */ = {
			isa = PBXSourcesBuildPhase;
			buildActionMask = 2147483647;
			files = (
				9B2B4BBC2A2E246B00E8C1A3 /* DemoAPIIOSUITestsLaunchTests.swift in Sources */,
				9B2B4BBA2A2E246B00E8C1A3 /* DemoAPIIOSUITests.swift in Sources */,
			);
			runOnlyForDeploymentPostprocessing = 0;
		};
/* End PBXSourcesBuildPhase section */

/* Begin PBXTargetDependency section */
		9B2B4BAD2A2E246B00E8C1A3 /* PBXTargetDependency */ = {
			isa = PBXTargetDependency;
			target = 9B2B4B942A2E246800E8C1A3 /* DemoAPIIOS */;
			targetProxy = 9B2B4BAC2A2E246B00E8C1A3 /* PBXContainerItemProxy */;
		};
		9B2B4BB72A2E246B00E8C1A3 /* PBXTargetDependency */ = {
			isa = PBXTargetDependency;
			target = 9B2B4B942A2E246800E8C1A3 /* DemoAPIIOS */;
			targetProxy = 9B2B4BB62A2E246B00E8C1A3 /* PBXContainerItemProxy */;
		};
/* End PBXTargetDependency section */

/* Begin PBXVariantGroup section */
		9B2B4B9E2A2E246800E8C1A3 /* Main.storyboard */ = {
			isa = PBXVariantGroup;
			children = (
				9B2B4B9F2A2E246800E8C1A3 /* Base */,
			);
			name = Main.storyboard;
			sourceTree = "<group>";
		};
		9B2B4BA32A2E246B00E8C1A3 /* LaunchScreen.storyboard */ = {
			isa = PBXVariantGroup;
			children = (
				9B2B4BA42A2E246B00E8C1A3 /* Base */,
			);
			name = LaunchScreen.storyboard;
			sourceTree = "<group>";
		};
/* End PBXVariantGroup section */

/* Begin XCBuildConfiguration section */
		9B2B4BBD2A2E246B00E8C1A3 /* Debug */ = {
			isa = XCBuildConfiguration;
			buildSettings = {
				ALWAYS_SEARCH_USER_PATHS = NO;
				CLANG_ANALYZER_NONNULL = YES;
				CLANG_ANALYZER_NUMBER_OBJECT_CONVERSION = YES_AGGRESSIVE;
				CLANG_CXX_LANGUAGE_STANDARD = "gnu++20";
				CLANG_ENABLE_MODULES = YES;
				CLANG_ENABLE_OBJC_ARC = YES;
				CLANG_ENABLE_OBJC_WEAK = YES;
				CLANG_WARN_BLOCK_CAPTURE_AUTORELEASING = YES;
				CLANG_WARN_BOOL_CONVERSION = YES;
				CLANG_WARN_COMMA = YES;
				CLANG_WARN_CONSTANT_CONVERSION = YES;
				CLANG_WARN_DEPRECATED_OBJC_IMPLEMENTATIONS = YES;
				CLANG_WARN_DIRECT_OBJC_ISA_USAGE = YES_ERROR;
				CLANG_WARN_DOCUMENTATION_COMMENTS = YES;
				CLANG_WARN_EMPTY_BODY = YES;
				CLANG_WARN_ENUM_CONVERSION = YES;
				CLANG_WARN_INFINITE_RECURSION = YES;
				CLANG_WARN_INT_CONVERSION = YES;
				CLANG_WARN_NON_LITERAL_NULL_CONVERSION = YES;
				CLANG_WARN_OBJC_IMPLICIT_RETAIN_SELF = YES;
				CLANG_WARN_OBJC_LITERAL_CONVERSION = YES;
				CLANG_WARN_OBJC_ROOT_CLASS = YES_ERROR;
				CLANG_WARN_QUOTED_INCLUDE_IN_FRAMEWORK_HEADER = YES;
				CLANG_WARN_RANGE_LOOP_ANALYSIS = YES;
				CLANG_WARN_STRICT_PROTOTYPES = YES;
				CLANG_WARN_SUSPICIOUS_MOVE = YES;
				CLANG_WARN_UNGUARDED_AVAILABILITY = YES_AGGRESSIVE;
				CLANG_WARN_UNREACHABLE_CODE = YES;
				CLANG_WARN__DUPLICATE_METHOD_MATCH = YES;
				COPY_PHASE_STRIP = NO;
				DEBUG_INFORMATION_FORMAT = dwarf;
				ENABLE_STRICT_OBJC_MSGSEND = YES;
				ENABLE_TESTABILITY = YES;
				GCC_C_LANGUAGE_STANDARD = gnu11;
				GCC_DYNAMIC_NO_PIC = NO;
				GCC_NO_COMMON_BLOCKS = YES;
				GCC_OPTIMIZATION_LEVEL = 0;
				GCC_PREPROCESSOR_DEFINITIONS = (
					"DEBUG=1",
					"$(inherited)",
				);
				GCC_WARN_64_TO_32_BIT_CONVERSION = YES;
				GCC_WARN_ABOUT_RETURN_TYPE = YES_ERROR;
				GCC_WARN_UNDECLARED_SELECTOR = YES;
				GCC_WARN_UNINITIALIZED_AUTOS = YES_AGGRESSIVE;
				GCC_WARN_UNUSED_FUNCTION = YES;
				GCC_WARN_UNUSED_VARIABLE = YES;
				IPHONEOS_DEPLOYMENT_TARGET = 16.4;
				MTL_ENABLE_DEBUG_INFO = INCLUDE_SOURCE;
				MTL_FAST_MATH = YES;
				ONLY_ACTIVE_ARCH = YES;
				SDKROOT = iphoneos;
				SWIFT_ACTIVE_COMPILATION_CONDITIONS = DEBUG;
				SWIFT_OPTIMIZATION_LEVEL = "-Onone";
			};
			name = Debug;
		};
		9B2B4BBE2A2E246B00E8C1A3 /* Release */ = {
			isa = XCBuildConfiguration;
			buildSettings = {
				ALWAYS_SEARCH_USER_PATHS = NO;
				CLANG_ANALYZER_NONNULL = YES;
				CLANG_ANALYZER_NUMBER_OBJECT_CONVERSION = YES_AGGRESSIVE;
				CLANG_CXX_LANGUAGE_STANDARD = "gnu++20";
				CLANG_ENABLE_MODULES = YES;
				CLANG_ENABLE_OBJC_ARC = YES;
				CLANG_ENABLE_OBJC_WEAK = YES;
				CLANG_WARN_BLOCK_CAPTURE_AUTORELEASING = YES;
				CLANG_WARN_BOOL_CONVERSION = YES;
				CLANG_WARN_COMMA = YES;
				CLANG_WARN_CONSTANT_CONVERSION = YES;
				CLANG_WARN_DEPRECATED_OBJC_IMPLEMENTATIONS = YES;
				CLANG_WARN_DIRECT_OBJC_ISA_USAGE = YES_ERROR;
				CLANG_WARN_DOCUMENTATION_COMMENTS = YES;
				CLANG_WARN_EMPTY_BODY = YES;
				CLANG_WARN_ENUM_CONVERSION = YES;
				CLANG_WARN_INFINITE_RECURSION = YES;
				CLANG_WARN_INT_CONVERSION = YES;
				CLANG_WARN_NON_LITERAL_NULL_CONVERSION = YES;
				CLANG_WARN_OBJC_IMPLICIT_RETAIN_SELF = YES;
				CLANG_WARN_OBJC_LITERAL_CONVERSION = YES;
				CLANG_WARN_OBJC_ROOT_CLASS = YES_ERROR;
				CLANG_WARN_QUOTED_INCLUDE_IN_FRAMEWORK_HEADER = YES;
				CLANG_WARN_RANGE_LOOP_ANALYSIS = YES;
				CLANG_WARN_STRICT_PROTOTYPES = YES;
				CLANG_WARN_SUSPICIOUS_MOVE = YES;
				CLANG_WARN_UNGUARDED_AVAILABILITY = YES_AGGRESSIVE;
				CLANG_WARN_UNREACHABLE_CODE = YES;
				CLANG_WARN__DUPLICATE_METHOD_MATCH = YES;
				COPY_PHASE_STRIP = NO;
				DEBUG_INFORMATION_FORMAT = "dwarf-with-dsym";
				ENABLE_NS_ASSERTIONS = NO;
				ENABLE_STRICT_OBJC_MSGSEND = YES;
				GCC_C_LANGUAGE_STANDARD = gnu11;
				GCC_NO_COMMON_BLOCKS = YES;
				GCC_WARN_64_TO_32_BIT_CONVERSION = YES;
				GCC_WARN_ABOUT_RETURN_TYPE = YES_ERROR;
				GCC_WARN_UNDECLARED_SELECTOR = YES;
				GCC_WARN_UNINITIALIZED_AUTOS = YES_AGGRESSIVE;
				GCC_WARN_UNUSED_FUNCTION = YES;
				GCC_WARN_UNUSED_VARIABLE = YES;
				IPHONEOS_DEPLOYMENT_TARGET = 16.4;
				MTL_ENABLE_DEBUG_INFO = NO;
				MTL_FAST_MATH = YES;
				SDKROOT = iphoneos;
				SWIFT_COMPILATION_MODE = wholemodule;
				SWIFT_OPTIMIZATION_LEVEL = "-O";
				VALIDATE_PRODUCT = YES;
			};
			name = Release;
		};
		9B2B4BC02A2E246B00E8C1A3 /* Debug */ = {
			isa = XCBuildConfiguration;
			buildSettings = {
				ASSETCATALOG_COMPILER_APPICON_NAME = AppIcon;
				ASSETCATALOG_COMPILER_GLOBAL_ACCENT_COLOR_NAME = AccentColor;
				CODE_SIGN_STYLE = Automatic;
				CURRENT_PROJECT_VERSION = 1;
				GENERATE_INFOPLIST_FILE = YES;
				INFOPLIST_FILE = DemoAPIIOS/Info.plist;
				INFOPLIST_KEY_UIApplicationSupportsIndirectInputEvents = YES;
				INFOPLIST_KEY_UILaunchStoryboardName = LaunchScreen;
				INFOPLIST_KEY_UIMainStoryboardFile = Main;
				INFOPLIST_KEY_UISupportedInterfaceOrientations_iPad = "UIInterfaceOrientationPortrait UIInterfaceOrientationPortraitUpsideDown UIInterfaceOrientationLandscapeLeft UIInterfaceOrientationLandscapeRight";
				INFOPLIST_KEY_UISupportedInterfaceOrientations_iPhone = "UIInterfaceOrientationPortrait UIInterfaceOrientationLandscapeLeft UIInterfaceOrientationLandscapeRight";
				LD_RUNPATH_SEARCH_PATHS = (
					"$(inherited)",
					"@executable_path/Frameworks",
				);
				MARKETING_VERSION = 1.0;
				PRODUCT_BUNDLE_IDENTIFIER = pppp.DemoAPIIOS;
				PRODUCT_NAME = "$(TARGET_NAME)";
				SWIFT_EMIT_LOC_STRINGS = YES;
				SWIFT_VERSION = 5.0;
				TARGETED_DEVICE_FAMILY = "1,2";
			};
			name = Debug;
		};
		9B2B4BC12A2E246B00E8C1A3 /* Release */ = {
			isa = XCBuildConfiguration;
			buildSettings = {
				ASSETCATALOG_COMPILER_APPICON_NAME = AppIcon;
				ASSETCATALOG_COMPILER_GLOBAL_ACCENT_COLOR_NAME = AccentColor;
				CODE_SIGN_STYLE = Automatic;
				CURRENT_PROJECT_VERSION = 1;
				GENERATE_INFOPLIST_FILE = YES;
				INFOPLIST_FILE = DemoAPIIOS/Info.plist;
				INFOPLIST_KEY_UIApplicationSupportsIndirectInputEvents = YES;
				INFOPLIST_KEY_UILaunchStoryboardName = LaunchScreen;
				INFOPLIST_KEY_UIMainStoryboardFile = Main;
				INFOPLIST_KEY_UISupportedInterfaceOrientations_iPad = "UIInterfaceOrientationPortrait UIInterfaceOrientationPortraitUpsideDown UIInterfaceOrientationLandscapeLeft UIInterfaceOrientationLandscapeRight";
				INFOPLIST_KEY_UISupportedInterfaceOrientations_iPhone = "UIInterfaceOrientationPortrait UIInterfaceOrientationLandscapeLeft UIInterfaceOrientationLandscapeRight";
				LD_RUNPATH_SEARCH_PATHS = (
					"$(inherited)",
					"@executable_path/Frameworks",
				);
				MARKETING_VERSION = 1.0;
				PRODUCT_BUNDLE_IDENTIFIER = pppp.DemoAPIIOS;
				PRODUCT_NAME = "$(TARGET_NAME)";
				SWIFT_EMIT_LOC_STRINGS = YES;
				SWIFT_VERSION = 5.0;
				TARGETED_DEVICE_FAMILY = "1,2";
			};
			name = Release;
		};
		9B2B4BC32A2E246B00E8C1A3 /* Debug */ = {
			isa = XCBuildConfiguration;
			buildSettings = {
				ALWAYS_EMBED_SWIFT_STANDARD_LIBRARIES = YES;
				BUNDLE_LOADER = "$(TEST_HOST)";
				CODE_SIGN_STYLE = Automatic;
				CURRENT_PROJECT_VERSION = 1;
				GENERATE_INFOPLIST_FILE = YES;
				IPHONEOS_DEPLOYMENT_TARGET = 16.4;
				MARKETING_VERSION = 1.0;
				PRODUCT_BUNDLE_IDENTIFIER = pppp.DemoAPIIOSTests;
				PRODUCT_NAME = "$(TARGET_NAME)";
				SWIFT_EMIT_LOC_STRINGS = NO;
				SWIFT_VERSION = 5.0;
				TARGETED_DEVICE_FAMILY = "1,2";
				TEST_HOST = "$(BUILT_PRODUCTS_DIR)/DemoAPIIOS.app/$(BUNDLE_EXECUTABLE_FOLDER_PATH)/DemoAPIIOS";
			};
			name = Debug;
		};
		9B2B4BC42A2E246B00E8C1A3 /* Release */ = {
			isa = XCBuildConfiguration;
			buildSettings = {
				ALWAYS_EMBED_SWIFT_STANDARD_LIBRARIES = YES;
				BUNDLE_LOADER = "$(TEST_HOST)";
				CODE_SIGN_STYLE = Automatic;
				CURRENT_PROJECT_VERSION = 1;
				GENERATE_INFOPLIST_FILE = YES;
				IPHONEOS_DEPLOYMENT_TARGET = 16.4;
				MARKETING_VERSION = 1.0;
				PRODUCT_BUNDLE_IDENTIFIER = pppp.DemoAPIIOSTests;
				PRODUCT_NAME = "$(TARGET_NAME)";
				SWIFT_EMIT_LOC_STRINGS = NO;
				SWIFT_VERSION = 5.0;
				TARGETED_DEVICE_FAMILY = "1,2";
				TEST_HOST = "$(BUILT_PRODUCTS_DIR)/DemoAPIIOS.app/$(BUNDLE_EXECUTABLE_FOLDER_PATH)/DemoAPIIOS";
			};
			name = Release;
		};
		9B2B4BC62A2E246B00E8C1A3 /* Debug */ = {
			isa = XCBuildConfiguration;
			buildSettings = {
				ALWAYS_EMBED_SWIFT_STANDARD_LIBRARIES = YES;
				CODE_SIGN_STYLE = Automatic;
				CURRENT_PROJECT_VERSION = 1;
				GENERATE_INFOPLIST_FILE = YES;
				MARKETING_VERSION = 1.0;
				PRODUCT_BUNDLE_IDENTIFIER = pppp.DemoAPIIOSUITests;
				PRODUCT_NAME = "$(TARGET_NAME)";
				SWIFT_EMIT_LOC_STRINGS = NO;
				SWIFT_VERSION = 5.0;
				TARGETED_DEVICE_FAMILY = "1,2";
				TEST_TARGET_NAME = DemoAPIIOS;
			};
			name = Debug;
		};
		9B2B4BC72A2E246B00E8C1A3 /* Release */ = {
			isa = XCBuildConfiguration;
			buildSettings = {
				ALWAYS_EMBED_SWIFT_STANDARD_LIBRARIES = YES;
				CODE_SIGN_STYLE = Automatic;
				CURRENT_PROJECT_VERSION = 1;
				GENERATE_INFOPLIST_FILE = YES;
				MARKETING_VERSION = 1.0;
				PRODUCT_BUNDLE_IDENTIFIER = pppp.DemoAPIIOSUITests;
				PRODUCT_NAME = "$(TARGET_NAME)";
				SWIFT_EMIT_LOC_STRINGS = NO;
				SWIFT_VERSION = 5.0;
				TARGETED_DEVICE_FAMILY = "1,2";
				TEST_TARGET_NAME = DemoAPIIOS;
			};
			name = Release;
		};
/* End XCBuildConfiguration section */

/* Begin XCConfigurationList section */
		9B2B4B902A2E246800E8C1A3 /* Build configuration list for PBXProject "DemoAPIIOS" */ = {
			isa = XCConfigurationList;
			buildConfigurations = (
				9B2B4BBD2A2E246B00E8C1A3 /* Debug */,
				9B2B4BBE2A2E246B00E8C1A3 /* Release */,
			);
			defaultConfigurationIsVisible = 0;
			defaultConfigurationName = Release;
		};
		9B2B4BBF2A2E246B00E8C1A3 /* Build configuration list for PBXNativeTarget "DemoAPIIOS" */ = {
			isa = XCConfigurationList;
			buildConfigurations = (
				9B2B4BC02A2E246B00E8C1A3 /* Debug */,
				9B2B4BC12A2E246B00E8C1A3 /* Release */,
			);
			defaultConfigurationIsVisible = 0;
			defaultConfigurationName = Release;
		};
		9B2B4BC22A2E246B00E8C1A3 /* Build configuration list for PBXNativeTarget "DemoAPIIOSTests" */ = {
			isa = XCConfigurationList;
			buildConfigurations = (
				9B2B4BC32A2E246B00E8C1A3 /* Debug */,
				9B2B4BC42A2E246B00E8C1A3 /* Release */,
			);
			defaultConfigurationIsVisible = 0;
			defaultConfigurationName = Release;
		};
		9B2B4BC52A2E246B00E8C1A3 /* Build configuration list for PBXNativeTarget "DemoAPIIOSUITests" */ = {
			isa = XCConfigurationList;
			buildConfigurations = (
				9B2B4BC62A2E246B00E8C1A3 /* Debug */,
				9B2B4BC72A2E246B00E8C1A3 /* Release */,
			);
			defaultConfigurationIsVisible = 0;
			defaultConfigurationName = Release;
		};
/* End XCConfigurationList section */

/* Begin XCRemoteSwiftPackageReference section */
		9B2B4BC82A2E2AA500E8C1A3 /* XCRemoteSwiftPackageReference "Alamofire" */ = {
			isa = XCRemoteSwiftPackageReference;
			repositoryURL = "https://github.com/Alamofire/Alamofire.git";
			requirement = {
				kind = upToNextMajorVersion;
				minimumVersion = 5.0.0;
			};
		};
/* End XCRemoteSwiftPackageReference section */

/* Begin XCSwiftPackageProductDependency section */
		9B2B4BC92A2E2AA500E8C1A3 /* Alamofire */ = {
			isa = XCSwiftPackageProductDependency;
			package = 9B2B4BC82A2E2AA500E8C1A3 /* XCRemoteSwiftPackageReference "Alamofire" */;
			productName = Alamofire;
		};
/* End XCSwiftPackageProductDependency section */
	};
	rootObject = 9B2B4B8D2A2E246800E8C1A3 /* Project object */;
}
